// !$*UTF8*$!
{
	archiveVersion = 1;
	classes = {
	};
	objectVersion = 46;
	objects = {

/* Begin PBXBuildFile section */
		27FD62281B7206270033EDB2 /* AppDelegate.swift in Sources */ = {isa = PBXBuildFile; fileRef = 27FD62271B7206270033EDB2 /* AppDelegate.swift */; };
		27FD622B1B7206270033EDB2 /* iOutdoors.xcdatamodeld in Sources */ = {isa = PBXBuildFile; fileRef = 27FD62291B7206270033EDB2 /* iOutdoors.xcdatamodeld */; };
		27FD622D1B7206270033EDB2 /* ViewController.swift in Sources */ = {isa = PBXBuildFile; fileRef = 27FD622C1B7206270033EDB2 /* ViewController.swift */; };
		27FD62301B7206270033EDB2 /* Main.storyboard in Resources */ = {isa = PBXBuildFile; fileRef = 27FD622E1B7206270033EDB2 /* Main.storyboard */; };
		27FD62321B7206270033EDB2 /* Images.xcassets in Resources */ = {isa = PBXBuildFile; fileRef = 27FD62311B7206270033EDB2 /* Images.xcassets */; };
		27FD62351B7206270033EDB2 /* LaunchScreen.xib in Resources */ = {isa = PBXBuildFile; fileRef = 27FD62331B7206270033EDB2 /* LaunchScreen.xib */; };
		27FD62411B7206270033EDB2 /* iOutdoorsTests.swift in Sources */ = {isa = PBXBuildFile; fileRef = 27FD62401B7206270033EDB2 /* iOutdoorsTests.swift */; };
/* End PBXBuildFile section */

/* Begin PBXContainerItemProxy section */
		27FD623B1B7206270033EDB2 /* PBXContainerItemProxy */ = {
			isa = PBXContainerItemProxy;
			containerPortal = 27FD621A1B7206270033EDB2 /* Project object */;
			proxyType = 1;
			remoteGlobalIDString = 27FD62211B7206270033EDB2;
			remoteInfo = iOutdoors;
		};
/* End PBXContainerItemProxy section */

/* Begin PBXFileReference section */
		27FD62221B7206270033EDB2 /* iOutdoors.app */ = {isa = PBXFileReference; explicitFileType = wrapper.application; includeInIndex = 0; path = iOutdoors.app; sourceTree = BUILT_PRODUCTS_DIR; };
		27FD62261B7206270033EDB2 /* Info.plist */ = {isa = PBXFileReference; lastKnownFileType = text.plist.xml; path = Info.plist; sourceTree = "<group>"; };
		27FD62271B7206270033EDB2 /* AppDelegate.swift */ = {isa = PBXFileReference; lastKnownFileType = sourcecode.swift; path = AppDelegate.swift; sourceTree = "<group>"; };
		27FD622A1B7206270033EDB2 /* iOutdoors.xcdatamodel */ = {isa = PBXFileReference; lastKnownFileType = wrapper.xcdatamodel; path = iOutdoors.xcdatamodel; sourceTree = "<group>"; };
		27FD622C1B7206270033EDB2 /* ViewController.swift */ = {isa = PBXFileReference; lastKnownFileType = sourcecode.swift; path = ViewController.swift; sourceTree = "<group>"; };
		27FD622F1B7206270033EDB2 /* Base */ = {isa = PBXFileReference; lastKnownFileType = file.storyboard; name = Base; path = Base.lproj/Main.storyboard; sourceTree = "<group>"; };
		27FD62311B7206270033EDB2 /* Images.xcassets */ = {isa = PBXFileReference; lastKnownFileType = folder.assetcatalog; path = Images.xcassets; sourceTree = "<group>"; };
		27FD62341B7206270033EDB2 /* Base */ = {isa = PBXFileReference; lastKnownFileType = file.xib; name = Base; path = Base.lproj/LaunchScreen.xib; sourceTree = "<group>"; };
		27FD623A1B7206270033EDB2 /* iOutdoorsTests.xctest */ = {isa = PBXFileReference; explicitFileType = wrapper.cfbundle; includeInIndex = 0; path = iOutdoorsTests.xctest; sourceTree = BUILT_PRODUCTS_DIR; };
		27FD623F1B7206270033EDB2 /* Info.plist */ = {isa = PBXFileReference; lastKnownFileType = text.plist.xml; path = Info.plist; sourceTree = "<group>"; };
		27FD62401B7206270033EDB2 /* iOutdoorsTests.swift */ = {isa = PBXFileReference; lastKnownFileType = sourcecode.swift; path = iOutdoorsTests.swift; sourceTree = "<group>"; };
/* End PBXFileReference section */

/* Begin PBXFrameworksBuildPhase section */
		27FD621F1B7206270033EDB2 /* Frameworks */ = {
			isa = PBXFrameworksBuildPhase;
			buildActionMask = 2147483647;
			files = (
			);
			runOnlyForDeploymentPostprocessing = 0;
		};
		27FD62371B7206270033EDB2 /* Frameworks */ = {
			isa = PBXFrameworksBuildPhase;
			buildActionMask = 2147483647;
			files = (
			);
			runOnlyForDeploymentPostprocessing = 0;
		};
/* End PBXFrameworksBuildPhase section */

/* Begin PBXGroup section */
		27FD62191B7206270033EDB2 = {
			isa = PBXGroup;
			children = (
				27FD62241B7206270033EDB2 /* iOutdoors */,
				27FD623D1B7206270033EDB2 /* iOutdoorsTests */,
				27FD62231B7206270033EDB2 /* Products */,
			);
			sourceTree = "<group>";
		};
		27FD62231B7206270033EDB2 /* Products */ = {
			isa = PBXGroup;
			children = (
				27FD62221B7206270033EDB2 /* iOutdoors.app */,
				27FD623A1B7206270033EDB2 /* iOutdoorsTests.xctest */,
			);
			name = Products;
			sourceTree = "<group>";
		};
		27FD62241B7206270033EDB2 /* iOutdoors */ = {
			isa = PBXGroup;
			children = (
				27FD62271B7206270033EDB2 /* AppDelegate.swift */,
				27FD622C1B7206270033EDB2 /* ViewController.swift */,
				27FD622E1B7206270033EDB2 /* Main.storyboard */,
				27FD62311B7206270033EDB2 /* Images.xcassets */,
				27FD62331B7206270033EDB2 /* LaunchScreen.xib */,
				27FD62291B7206270033EDB2 /* iOutdoors.xcdatamodeld */,
				27FD62251B7206270033EDB2 /* Supporting Files */,
			);
			path = iOutdoors;
			sourceTree = "<group>";
		};
		27FD62251B7206270033EDB2 /* Supporting Files */ = {
			isa = PBXGroup;
			children = (
				27FD62261B7206270033EDB2 /* Info.plist */,
			);
			name = "Supporting Files";
			sourceTree = "<group>";
		};
		27FD623D1B7206270033EDB2 /* iOutdoorsTests */ = {
			isa = PBXGroup;
			children = (
				27FD62401B7206270033EDB2 /* iOutdoorsTests.swift */,
				27FD623E1B7206270033EDB2 /* Supporting Files */,
			);
			path = iOutdoorsTests;
			sourceTree = "<group>";
		};
		27FD623E1B7206270033EDB2 /* Supporting Files */ = {
			isa = PBXGroup;
			children = (
				27FD623F1B7206270033EDB2 /* Info.plist */,
			);
			name = "Supporting Files";
			sourceTree = "<group>";
		};
/* End PBXGroup section */

/* Begin PBXNativeTarget section */
		27FD62211B7206270033EDB2 /* iOutdoors */ = {
			isa = PBXNativeTarget;
			buildConfigurationList = 27FD62441B7206270033EDB2 /* Build configuration list for PBXNativeTarget "iOutdoors" */;
			buildPhases = (
				27FD621E1B7206270033EDB2 /* Sources */,
				27FD621F1B7206270033EDB2 /* Frameworks */,
				27FD62201B7206270033EDB2 /* Resources */,
			);
			buildRules = (
			);
			dependencies = (
			);
			name = iOutdoors;
			productName = iOutdoors;
			productReference = 27FD62221B7206270033EDB2 /* iOutdoors.app */;
			productType = "com.apple.product-type.application";
		};
		27FD62391B7206270033EDB2 /* iOutdoorsTests */ = {
			isa = PBXNativeTarget;
			buildConfigurationList = 27FD62471B7206270033EDB2 /* Build configuration list for PBXNativeTarget "iOutdoorsTests" */;
			buildPhases = (
				27FD62361B7206270033EDB2 /* Sources */,
				27FD62371B7206270033EDB2 /* Frameworks */,
				27FD62381B7206270033EDB2 /* Resources */,
			);
			buildRules = (
			);
			dependencies = (
				27FD623C1B7206270033EDB2 /* PBXTargetDependency */,
			);
			name = iOutdoorsTests;
			productName = iOutdoorsTests;
			productReference = 27FD623A1B7206270033EDB2 /* iOutdoorsTests.xctest */;
			productType = "com.apple.product-type.bundle.unit-test";
		};
/* End PBXNativeTarget section */

/* Begin PBXProject section */
		27FD621A1B7206270033EDB2 /* Project object */ = {
			isa = PBXProject;
			attributes = {
				LastUpgradeCheck = 0640;
				ORGANIZATIONNAME = xiaoluuu;
				TargetAttributes = {
					27FD62211B7206270033EDB2 = {
						CreatedOnToolsVersion = 6.4;
					};
					27FD62391B7206270033EDB2 = {
						CreatedOnToolsVersion = 6.4;
						TestTargetID = 27FD62211B7206270033EDB2;
					};
				};
			};
			buildConfigurationList = 27FD621D1B7206270033EDB2 /* Build configuration list for PBXProject "iOutdoors" */;
			compatibilityVersion = "Xcode 3.2";
			developmentRegion = English;
			hasScannedForEncodings = 0;
			knownRegions = (
				en,
				Base,
			);
			mainGroup = 27FD62191B7206270033EDB2;
			productRefGroup = 27FD62231B7206270033EDB2 /* Products */;
			projectDirPath = "";
			projectRoot = "";
			targets = (
				27FD62211B7206270033EDB2 /* iOutdoors */,
				27FD62391B7206270033EDB2 /* iOutdoorsTests */,
			);
		};
/* End PBXProject section */

/* Begin PBXResourcesBuildPhase section */
		27FD62201B7206270033EDB2 /* Resources */ = {
			isa = PBXResourcesBuildPhase;
			buildActionMask = 2147483647;
			files = (
				27FD62301B7206270033EDB2 /* Main.storyboard in Resources */,
				27FD62351B7206270033EDB2 /* LaunchScreen.xib in Resources */,
				27FD62321B7206270033EDB2 /* Images.xcassets in Resources */,
			);
			runOnlyForDeploymentPostprocessing = 0;
		};
		27FD62381B7206270033EDB2 /* Resources */ = {
			isa = PBXResourcesBuildPhase;
			buildActionMask = 2147483647;
			files = (
			);
			runOnlyForDeploymentPostprocessing = 0;
		};
/* End PBXResourcesBuildPhase section */

/* Begin PBXSourcesBuildPhase section */
		27FD621E1B7206270033EDB2 /* Sources */ = {
			isa = PBXSourcesBuildPhase;
			buildActionMask = 2147483647;
			files = (
				27FD622D1B7206270033EDB2 /* ViewController.swift in Sources */,
				27FD622B1B7206270033EDB2 /* iOutdoors.xcdatamodeld in Sources */,
				27FD62281B7206270033EDB2 /* AppDelegate.swift in Sources */,
			);
			runOnlyForDeploymentPostprocessing = 0;
		};
		27FD62361B7206270033EDB2 /* Sources */ = {
			isa = PBXSourcesBuildPhase;
			buildActionMask = 2147483647;
			files = (
				27FD62411B7206270033EDB2 /* iOutdoorsTests.swift in Sources */,
			);
			runOnlyForDeploymentPostprocessing = 0;
		};
/* End PBXSourcesBuildPhase section */

/* Begin PBXTargetDependency section */
		27FD623C1B7206270033EDB2 /* PBXTargetDependency */ = {
			isa = PBXTargetDependency;
			target = 27FD62211B7206270033EDB2 /* iOutdoors */;
			targetProxy = 27FD623B1B7206270033EDB2 /* PBXContainerItemProxy */;
		};
/* End PBXTargetDependency section */

/* Begin PBXVariantGroup section */
		27FD622E1B7206270033EDB2 /* Main.storyboard */ = {
			isa = PBXVariantGroup;
			children = (
				27FD622F1B7206270033EDB2 /* Base */,
			);
			name = Main.storyboard;
			sourceTree = "<group>";
		};
		27FD62331B7206270033EDB2 /* LaunchScreen.xib */ = {
			isa = PBXVariantGroup;
			children = (
				27FD62341B7206270033EDB2 /* Base */,
			);
			name = LaunchScreen.xib;
			sourceTree = "<group>";
		};
/* End PBXVariantGroup section */

/* Begin XCBuildConfiguration section */
		27FD62421B7206270033EDB2 /* Debug */ = {
			isa = XCBuildConfiguration;
			buildSettings = {
				ALWAYS_SEARCH_USER_PATHS = NO;
				CLANG_CXX_LANGUAGE_STANDARD = "gnu++0x";
				CLANG_CXX_LIBRARY = "libc++";
				CLANG_ENABLE_MODULES = YES;
				CLANG_ENABLE_OBJC_ARC = YES;
				CLANG_WARN_BOOL_CONVERSION = YES;
				CLANG_WARN_CONSTANT_CONVERSION = YES;
				CLANG_WARN_DIRECT_OBJC_ISA_USAGE = YES_ERROR;
				CLANG_WARN_EMPTY_BODY = YES;
				CLANG_WARN_ENUM_CONVERSION = YES;
				CLANG_WARN_INT_CONVERSION = YES;
				CLANG_WARN_OBJC_ROOT_CLASS = YES_ERROR;
				CLANG_WARN_UNREACHABLE_CODE = YES;
				CLANG_WARN__DUPLICATE_METHOD_MATCH = YES;
				"CODE_SIGN_IDENTITY[sdk=iphoneos*]" = "iPhone Developer";
				COPY_PHASE_STRIP = NO;
				DEBUG_INFORMATION_FORMAT = "dwarf-with-dsym";
				ENABLE_STRICT_OBJC_MSGSEND = YES;
				GCC_C_LANGUAGE_STANDARD = gnu99;
				GCC_DYNAMIC_NO_PIC = NO;
				GCC_NO_COMMON_BLOCKS = YES;
				GCC_OPTIMIZATION_LEVEL = 0;
				GCC_PREPROCESSOR_DEFINITIONS = (
					"DEBUG=1",
					"$(inherited)",
				);
				GCC_SYMBOLS_PRIVATE_EXTERN = NO;
				GCC_WARN_64_TO_32_BIT_CONVERSION = YES;
				GCC_WARN_ABOUT_RETURN_TYPE = YES_ERROR;
				GCC_WARN_UNDECLARED_SELECTOR = YES;
				GCC_WARN_UNINITIALIZED_AUTOS = YES_AGGRESSIVE;
				GCC_WARN_UNUSED_FUNCTION = YES;
				GCC_WARN_UNUSED_VARIABLE = YES;
				IPHONEOS_DEPLOYMENT_TARGET = 8.4;
				MTL_ENABLE_DEBUG_INFO = YES;
				ONLY_ACTIVE_ARCH = YES;
				SDKROOT = iphoneos;
				SWIFT_OPTIMIZATION_LEVEL = "-Onone";
				TARGETED_DEVICE_FAMILY = "1,2";
			};
			name = Debug;
		};
		27FD62431B7206270033EDB2 /* Release */ = {
			isa = XCBuildConfiguration;
			buildSettings = {
				ALWAYS_SEARCH_USER_PATHS = NO;
				CLANG_CXX_LANGUAGE_STANDARD = "gnu++0x";
				CLANG_CXX_LIBRARY = "libc++";
				CLANG_ENABLE_MODULES = YES;
				CLANG_ENABLE_OBJC_ARC = YES;
				CLANG_WARN_BOOL_CONVERSION = YES;
				CLANG_WARN_CONSTANT_CONVERSION = YES;
				CLANG_WARN_DIRECT_OBJC_ISA_USAGE = YES_ERROR;
				CLANG_WARN_EMPTY_BODY = YES;
				CLANG_WARN_ENUM_CONVERSION = YES;
				CLANG_WARN_INT_CONVERSION = YES;
				CLANG_WARN_OBJC_ROOT_CLASS = YES_ERROR;
				CLANG_WARN_UNREACHABLE_CODE = YES;
				CLANG_WARN__DUPLICATE_METHOD_MATCH = YES;
				"CODE_SIGN_IDENTITY[sdk=iphoneos*]" = "iPhone Developer";
				COPY_PHASE_STRIP = NO;
				DEBUG_INFORMATION_FORMAT = "dwarf-with-dsym";
				ENABLE_NS_ASSERTIONS = NO;
				ENABLE_STRICT_OBJC_MSGSEND = YES;
				GCC_C_LANGUAGE_STANDARD = gnu99;
				GCC_NO_COMMON_BLOCKS = YES;
				GCC_WARN_64_TO_32_BIT_CONVERSION = YES;
				GCC_WARN_ABOUT_RETURN_TYPE = YES_ERROR;
				GCC_WARN_UNDECLARED_SELECTOR = YES;
				GCC_WARN_UNINITIALIZED_AUTOS = YES_AGGRESSIVE;
				GCC_WARN_UNUSED_FUNCTION = YES;
				GCC_WARN_UNUSED_VARIABLE = YES;
				IPHONEOS_DEPLOYMENT_TARGET = 8.4;
				MTL_ENABLE_DEBUG_INFO = NO;
				SDKROOT = iphoneos;
				TARGETED_DEVICE_FAMILY = "1,2";
				VALIDATE_PRODUCT = YES;
			};
			name = Release;
		};
		27FD62451B7206270033EDB2 /* Debug */ = {
			isa = XCBuildConfiguration;
			buildSettings = {
				ASSETCATALOG_COMPILER_APPICON_NAME = AppIcon;
				INFOPLIST_FILE = iOutdoors/Info.plist;
				LD_RUNPATH_SEARCH_PATHS = "$(inherited) @executable_path/Frameworks";
				PRODUCT_NAME = "$(TARGET_NAME)";
			};
			name = Debug;
		};
		27FD62461B7206270033EDB2 /* Release */ = {
			isa = XCBuildConfiguration;
			buildSettings = {
				ASSETCATALOG_COMPILER_APPICON_NAME = AppIcon;
				INFOPLIST_FILE = iOutdoors/Info.plist;
				LD_RUNPATH_SEARCH_PATHS = "$(inherited) @executable_path/Frameworks";
				PRODUCT_NAME = "$(TARGET_NAME)";
			};
			name = Release;
		};
		27FD62481B7206270033EDB2 /* Debug */ = {
			isa = XCBuildConfiguration;
			buildSettings = {
				BUNDLE_LOADER = "$(TEST_HOST)";
				FRAMEWORK_SEARCH_PATHS = (
					"$(SDKROOT)/Developer/Library/Frameworks",
					"$(inherited)",
				);
				GCC_PREPROCESSOR_DEFINITIONS = (
					"DEBUG=1",
					"$(inherited)",
				);
				INFOPLIST_FILE = iOutdoorsTests/Info.plist;
				LD_RUNPATH_SEARCH_PATHS = "$(inherited) @executable_path/Frameworks @loader_path/Frameworks";
				PRODUCT_NAME = "$(TARGET_NAME)";
				TEST_HOST = "$(BUILT_PRODUCTS_DIR)/iOutdoors.app/iOutdoors";
			};
			name = Debug;
		};
		27FD62491B7206270033EDB2 /* Release */ = {
			isa = XCBuildConfiguration;
			buildSettings = {
				BUNDLE_LOADER = "$(TEST_HOST)";
				FRAMEWORK_SEARCH_PATHS = (
					"$(SDKROOT)/Developer/Library/Frameworks",
					"$(inherited)",
				);
				INFOPLIST_FILE = iOutdoorsTests/Info.plist;
				LD_RUNPATH_SEARCH_PATHS = "$(inherited) @executable_path/Frameworks @loader_path/Frameworks";
				PRODUCT_NAME = "$(TARGET_NAME)";
				TEST_HOST = "$(BUILT_PRODUCTS_DIR)/iOutdoors.app/iOutdoors";
			};
			name = Release;
		};
/* End XCBuildConfiguration section */

/* Begin XCConfigurationList section */
		27FD621D1B7206270033EDB2 /* Build configuration list for PBXProject "iOutdoors" */ = {
			isa = XCConfigurationList;
			buildConfigurations = (
				27FD62421B7206270033EDB2 /* Debug */,
				27FD62431B7206270033EDB2 /* Release */,
			);
			defaultConfigurationIsVisible = 0;
			defaultConfigurationName = Release;
		};
		27FD62441B7206270033EDB2 /* Build configuration list for PBXNativeTarget "iOutdoors" */ = {
			isa = XCConfigurationList;
			buildConfigurations = (
				27FD62451B7206270033EDB2 /* Debug */,
				27FD62461B7206270033EDB2 /* Release */,
			);
			defaultConfigurationIsVisible = 0;
		};
		27FD62471B7206270033EDB2 /* Build configuration list for PBXNativeTarget "iOutdoorsTests" */ = {
			isa = XCConfigurationList;
			buildConfigurations = (
				27FD62481B7206270033EDB2 /* Debug */,
				27FD62491B7206270033EDB2 /* Release */,
			);
			defaultConfigurationIsVisible = 0;
		};
/* End XCConfigurationList section */

/* Begin XCVersionGroup section */
		27FD62291B7206270033EDB2 /* iOutdoors.xcdatamodeld */ = {
			isa = XCVersionGroup;
			children = (
				27FD622A1B7206270033EDB2 /* iOutdoors.xcdatamodel */,
			);
			currentVersion = 27FD622A1B7206270033EDB2 /* iOutdoors.xcdatamodel */;
			path = iOutdoors.xcdatamodeld;
			sourceTree = "<group>";
			versionGroupType = wrapper.xcdatamodel;
		};
/* End XCVersionGroup section */
	};
	rootObject = 27FD621A1B7206270033EDB2 /* Project object */;
}
